
Microsoft Visual Studio Solution File, Format Version 12.00
# Visual Studio Version 17
VisualStudioVersion = 17.9.34728.123
MinimumVisualStudioVersion = 10.0.40219.1
Project("{FAE04EC0-301F-11D3-BF4B-00C04F79EFBC}") = "SchoolHRAdministration", "SchoolHRAdministration\SchoolHRAdministration.csproj", "{CCBA3BAD-CB8B-434A-A9E3-3A57476D66F6}"
EndProject
Project("{FAE04EC0-301F-11D3-BF4B-00C04F79EFBC}") = "HRAdministrationAPI", "HRAdministrationAPI\HRAdministrationAPI.csproj", "{CF3291F6-8DC6-4C36-BD2D-879C5BB2F39C}"
EndProject
Global
	GlobalSection(SolutionConfigurationPlatforms) = preSolution
		Debug|Any CPU = Debug|Any CPU
		Release|Any CPU = Release|Any CPU
	EndGlobalSection
	GlobalSection(ProjectConfigurationPlatforms) = postSolution
		{CCBA3BAD-CB8B-434A-A9E3-3A57476D66F6}.Debug|Any CPU.ActiveCfg = Debug|Any CPU
		{CCBA3BAD-CB8B-434A-A9E3-3A57476D66F6}.Debug|Any CPU.Build.0 = Debug|Any CPU
		{CCBA3BAD-CB8B-434A-A9E3-3A57476D66F6}.Release|Any CPU.ActiveCfg = Release|Any CPU
		{CCBA3BAD-CB8B-434A-A9E3-3A57476D66F6}.Release|Any CPU.Build.0 = Release|Any CPU
		{CF3291F6-8DC6-4C36-BD2D-879C5BB2F39C}.Debug|Any CPU.ActiveCfg = Debug|Any CPU
		{CF3291F6-8DC6-4C36-BD2D-879C5BB2F39C}.Debug|Any CPU.Build.0 = Debug|Any CPU
		{CF3291F6-8DC6-4C36-BD2D-879C5BB2F39C}.Release|Any CPU.ActiveCfg = Release|Any CPU
		{CF3291F6-8DC6-4C36-BD2D-879C5BB2F39C}.Release|Any CPU.Build.0 = Release|Any CPU
	EndGlobalSection
	GlobalSection(SolutionProperties) = preSolution
		HideSolutionNode = FALSE
	EndGlobalSection
	GlobalSection(ExtensibilityGlobals) = postSolution
		SolutionGuid = {1762D5E2-D87A-4817-9327-B343D9B94B95}
	EndGlobalSection
EndGlobal
