
Microsoft Visual Studio Solution File, Format Version 12.00
# Visual Studio Version 17
VisualStudioVersion = 17.9.34728.123
MinimumVisualStudioVersion = 10.0.40219.1
Project("{FAE04EC0-301F-11D3-BF4B-00C04F79EFBC}") = "DelegateBasicExample", "DelegateBasicExample\DelegateBasicExample.csproj", "{63269DEA-4D58-42E2-8698-4D51745ED30E}"
EndProject
Global
	GlobalSection(SolutionConfigurationPlatforms) = preSolution
		Debug|Any CPU = Debug|Any CPU
		Release|Any CPU = Release|Any CPU
	EndGlobalSection
	GlobalSection(ProjectConfigurationPlatforms) = postSolution
		{63269DEA-4D58-42E2-8698-4D51745ED30E}.Debug|Any CPU.ActiveCfg = Debug|Any CPU
		{63269DEA-4D58-42E2-8698-4D51745ED30E}.Debug|Any CPU.Build.0 = Debug|Any CPU
		{63269DEA-4D58-42E2-8698-4D51745ED30E}.Release|Any CPU.ActiveCfg = Release|Any CPU
		{63269DEA-4D58-42E2-8698-4D51745ED30E}.Release|Any CPU.Build.0 = Release|Any CPU
	EndGlobalSection
	GlobalSection(SolutionProperties) = preSolution
		HideSolutionNode = FALSE
	EndGlobalSection
	GlobalSection(ExtensibilityGlobals) = postSolution
		SolutionGuid = {A10CC272-BC3D-475F-B6EF-A068B755314E}
	EndGlobalSection
EndGlobal
